
Microsoft Visual Studio Solution File, Format Version 12.00
# Visual Studio Version 16
VisualStudioVersion = 16.0.29215.179
MinimumVisualStudioVersion = 10.0.40219.1
Project("{FAE04EC0-301F-11D3-BF4B-00C04F79EFBC}") = "NH645015_MIS4200", "NH645015_MIS4200.csproj", "{CAAFA32C-DB8B-4C62-A7D7-F55B08D857E2}"
EndProject
Global
	GlobalSection(SolutionConfigurationPlatforms) = preSolution
		Debug|Any CPU = Debug|Any CPU
		Release|Any CPU = Release|Any CPU
	EndGlobalSection
	GlobalSection(ProjectConfigurationPlatforms) = postSolution
		{CAAFA32C-DB8B-4C62-A7D7-F55B08D857E2}.Debug|Any CPU.ActiveCfg = Debug|Any CPU
		{CAAFA32C-DB8B-4C62-A7D7-F55B08D857E2}.Debug|Any CPU.Build.0 = Debug|Any CPU
		{CAAFA32C-DB8B-4C62-A7D7-F55B08D857E2}.Release|Any CPU.ActiveCfg = Release|Any CPU
		{CAAFA32C-DB8B-4C62-A7D7-F55B08D857E2}.Release|Any CPU.Build.0 = Release|Any CPU
	EndGlobalSection
	GlobalSection(SolutionProperties) = preSolution
		HideSolutionNode = FALSE
	EndGlobalSection
	GlobalSection(ExtensibilityGlobals) = postSolution
		SolutionGuid = {CF1F9A1C-E6F2-4F89-B118-80AB565150B0}
	EndGlobalSection
EndGlobal
